
Microsoft Visual Studio Solution File, Format Version 12.00
# Visual Studio Version 16
VisualStudioVersion = 16.0.30011.22
MinimumVisualStudioVersion = 10.0.40219.1
Project("{8BC9CEB8-8B4A-11D0-8D11-00A0C91BC942}") = "work 4.17", "work 4.17\work 4.17.vcxproj", "{1712F331-7D45-4C1C-87AC-8CEFFEC64198}"
EndProject
Global
	GlobalSection(SolutionConfigurationPlatforms) = preSolution
		Debug|x64 = Debug|x64
		Debug|x86 = Debug|x86
		Release|x64 = Release|x64
		Release|x86 = Release|x86
	EndGlobalSection
	GlobalSection(ProjectConfigurationPlatforms) = postSolution
		{1712F331-7D45-4C1C-87AC-8CEFFEC64198}.Debug|x64.ActiveCfg = Debug|x64
		{1712F331-7D45-4C1C-87AC-8CEFFEC64198}.Debug|x64.Build.0 = Debug|x64
		{1712F331-7D45-4C1C-87AC-8CEFFEC64198}.Debug|x86.ActiveCfg = Debug|Win32
		{1712F331-7D45-4C1C-87AC-8CEFFEC64198}.Debug|x86.Build.0 = Debug|Win32
		{1712F331-7D45-4C1C-87AC-8CEFFEC64198}.Release|x64.ActiveCfg = Release|x64
		{1712F331-7D45-4C1C-87AC-8CEFFEC64198}.Release|x64.Build.0 = Release|x64
		{1712F331-7D45-4C1C-87AC-8CEFFEC64198}.Release|x86.ActiveCfg = Release|Win32
		{1712F331-7D45-4C1C-87AC-8CEFFEC64198}.Release|x86.Build.0 = Release|Win32
	EndGlobalSection
	GlobalSection(SolutionProperties) = preSolution
		HideSolutionNode = FALSE
	EndGlobalSection
	GlobalSection(ExtensibilityGlobals) = postSolution
		SolutionGuid = {1F89C6F7-90A8-4573-AF79-C4C44E5BD17C}
	EndGlobalSection
EndGlobal
